
Microsoft Visual Studio Solution File, Format Version 12.00
# Visual Studio 15
VisualStudioVersion = 15.0.26124.0
MinimumVisualStudioVersion = 15.0.26124.0
Project("{FAE04EC0-301F-11D3-BF4B-00C04F79EFBC}") = "TestCommon", "..\TestCommon\TestCommon.csproj", "{0A59F4E6-AD06-436B-A62F-4151AB715914}"
EndProject
Project("{FAE04EC0-301F-11D3-BF4B-00C04F79EFBC}") = "A9", "A9\A9.csproj", "{8FE1805C-7B1B-45CF-A82E-01E1CBC22101}"
EndProject
Project("{FAE04EC0-301F-11D3-BF4B-00C04F79EFBC}") = "A9.Tests", "A9.Tests\A9.Tests.csproj", "{B94A8B69-2258-4849-950C-47EB7EFCEED0}"
EndProject
Global
	GlobalSection(SolutionConfigurationPlatforms) = preSolution
		Debug|Any CPU = Debug|Any CPU
		Debug|x64 = Debug|x64
		Debug|x86 = Debug|x86
		Release|Any CPU = Release|Any CPU
		Release|x64 = Release|x64
		Release|x86 = Release|x86
	EndGlobalSection
	GlobalSection(SolutionProperties) = preSolution
		HideSolutionNode = FALSE
	EndGlobalSection
	GlobalSection(ProjectConfigurationPlatforms) = postSolution
		{0A59F4E6-AD06-436B-A62F-4151AB715914}.Debug|Any CPU.ActiveCfg = Debug|Any CPU
		{0A59F4E6-AD06-436B-A62F-4151AB715914}.Debug|Any CPU.Build.0 = Debug|Any CPU
		{0A59F4E6-AD06-436B-A62F-4151AB715914}.Debug|x64.ActiveCfg = Debug|Any CPU
		{0A59F4E6-AD06-436B-A62F-4151AB715914}.Debug|x64.Build.0 = Debug|Any CPU
		{0A59F4E6-AD06-436B-A62F-4151AB715914}.Debug|x86.ActiveCfg = Debug|Any CPU
		{0A59F4E6-AD06-436B-A62F-4151AB715914}.Debug|x86.Build.0 = Debug|Any CPU
		{0A59F4E6-AD06-436B-A62F-4151AB715914}.Release|Any CPU.ActiveCfg = Release|Any CPU
		{0A59F4E6-AD06-436B-A62F-4151AB715914}.Release|Any CPU.Build.0 = Release|Any CPU
		{0A59F4E6-AD06-436B-A62F-4151AB715914}.Release|x64.ActiveCfg = Release|Any CPU
		{0A59F4E6-AD06-436B-A62F-4151AB715914}.Release|x64.Build.0 = Release|Any CPU
		{0A59F4E6-AD06-436B-A62F-4151AB715914}.Release|x86.ActiveCfg = Release|Any CPU
		{0A59F4E6-AD06-436B-A62F-4151AB715914}.Release|x86.Build.0 = Release|Any CPU
		{8FE1805C-7B1B-45CF-A82E-01E1CBC22101}.Debug|Any CPU.ActiveCfg = Debug|Any CPU
		{8FE1805C-7B1B-45CF-A82E-01E1CBC22101}.Debug|Any CPU.Build.0 = Debug|Any CPU
		{8FE1805C-7B1B-45CF-A82E-01E1CBC22101}.Debug|x64.ActiveCfg = Debug|Any CPU
		{8FE1805C-7B1B-45CF-A82E-01E1CBC22101}.Debug|x64.Build.0 = Debug|Any CPU
		{8FE1805C-7B1B-45CF-A82E-01E1CBC22101}.Debug|x86.ActiveCfg = Debug|Any CPU
		{8FE1805C-7B1B-45CF-A82E-01E1CBC22101}.Debug|x86.Build.0 = Debug|Any CPU
		{8FE1805C-7B1B-45CF-A82E-01E1CBC22101}.Release|Any CPU.ActiveCfg = Release|Any CPU
		{8FE1805C-7B1B-45CF-A82E-01E1CBC22101}.Release|Any CPU.Build.0 = Release|Any CPU
		{8FE1805C-7B1B-45CF-A82E-01E1CBC22101}.Release|x64.ActiveCfg = Release|Any CPU
		{8FE1805C-7B1B-45CF-A82E-01E1CBC22101}.Release|x64.Build.0 = Release|Any CPU
		{8FE1805C-7B1B-45CF-A82E-01E1CBC22101}.Release|x86.ActiveCfg = Release|Any CPU
		{8FE1805C-7B1B-45CF-A82E-01E1CBC22101}.Release|x86.Build.0 = Release|Any CPU
		{B94A8B69-2258-4849-950C-47EB7EFCEED0}.Debug|Any CPU.ActiveCfg = Debug|Any CPU
		{B94A8B69-2258-4849-950C-47EB7EFCEED0}.Debug|Any CPU.Build.0 = Debug|Any CPU
		{B94A8B69-2258-4849-950C-47EB7EFCEED0}.Debug|x64.ActiveCfg = Debug|Any CPU
		{B94A8B69-2258-4849-950C-47EB7EFCEED0}.Debug|x64.Build.0 = Debug|Any CPU
		{B94A8B69-2258-4849-950C-47EB7EFCEED0}.Debug|x86.ActiveCfg = Debug|Any CPU
		{B94A8B69-2258-4849-950C-47EB7EFCEED0}.Debug|x86.Build.0 = Debug|Any CPU
		{B94A8B69-2258-4849-950C-47EB7EFCEED0}.Release|Any CPU.ActiveCfg = Release|Any CPU
		{B94A8B69-2258-4849-950C-47EB7EFCEED0}.Release|Any CPU.Build.0 = Release|Any CPU
		{B94A8B69-2258-4849-950C-47EB7EFCEED0}.Release|x64.ActiveCfg = Release|Any CPU
		{B94A8B69-2258-4849-950C-47EB7EFCEED0}.Release|x64.Build.0 = Release|Any CPU
		{B94A8B69-2258-4849-950C-47EB7EFCEED0}.Release|x86.ActiveCfg = Release|Any CPU
		{B94A8B69-2258-4849-950C-47EB7EFCEED0}.Release|x86.Build.0 = Release|Any CPU
	EndGlobalSection
EndGlobal
