
Microsoft Visual Studio Solution File, Format Version 12.00
# Visual Studio 15
VisualStudioVersion = 15.0.26124.0
MinimumVisualStudioVersion = 15.0.26124.0
Project("{FAE04EC0-301F-11D3-BF4B-00C04F79EFBC}") = "TestCommon", "..\TestCommon\TestCommon.csproj", "{C34C8A48-9766-47C4-9529-BC3035A75C9C}"
EndProject
Project("{FAE04EC0-301F-11D3-BF4B-00C04F79EFBC}") = "A4", "A4\A4.csproj", "{48EB8AD8-7C9A-48CA-9AF3-F679F0B7A9B5}"
EndProject
Project("{FAE04EC0-301F-11D3-BF4B-00C04F79EFBC}") = "A4.Tests", "A4.Tests\A4.Tests.csproj", "{2E798F1C-DB2C-44A9-B75C-537A4F3E580E}"
EndProject
Global
	GlobalSection(SolutionConfigurationPlatforms) = preSolution
		Debug|Any CPU = Debug|Any CPU
		Debug|x64 = Debug|x64
		Debug|x86 = Debug|x86
		Release|Any CPU = Release|Any CPU
		Release|x64 = Release|x64
		Release|x86 = Release|x86
	EndGlobalSection
	GlobalSection(SolutionProperties) = preSolution
		HideSolutionNode = FALSE
	EndGlobalSection
	GlobalSection(ProjectConfigurationPlatforms) = postSolution
		{C34C8A48-9766-47C4-9529-BC3035A75C9C}.Debug|Any CPU.ActiveCfg = Debug|Any CPU
		{C34C8A48-9766-47C4-9529-BC3035A75C9C}.Debug|Any CPU.Build.0 = Debug|Any CPU
		{C34C8A48-9766-47C4-9529-BC3035A75C9C}.Debug|x64.ActiveCfg = Debug|Any CPU
		{C34C8A48-9766-47C4-9529-BC3035A75C9C}.Debug|x64.Build.0 = Debug|Any CPU
		{C34C8A48-9766-47C4-9529-BC3035A75C9C}.Debug|x86.ActiveCfg = Debug|Any CPU
		{C34C8A48-9766-47C4-9529-BC3035A75C9C}.Debug|x86.Build.0 = Debug|Any CPU
		{C34C8A48-9766-47C4-9529-BC3035A75C9C}.Release|Any CPU.ActiveCfg = Release|Any CPU
		{C34C8A48-9766-47C4-9529-BC3035A75C9C}.Release|Any CPU.Build.0 = Release|Any CPU
		{C34C8A48-9766-47C4-9529-BC3035A75C9C}.Release|x64.ActiveCfg = Release|Any CPU
		{C34C8A48-9766-47C4-9529-BC3035A75C9C}.Release|x64.Build.0 = Release|Any CPU
		{C34C8A48-9766-47C4-9529-BC3035A75C9C}.Release|x86.ActiveCfg = Release|Any CPU
		{C34C8A48-9766-47C4-9529-BC3035A75C9C}.Release|x86.Build.0 = Release|Any CPU
		{48EB8AD8-7C9A-48CA-9AF3-F679F0B7A9B5}.Debug|Any CPU.ActiveCfg = Debug|Any CPU
		{48EB8AD8-7C9A-48CA-9AF3-F679F0B7A9B5}.Debug|Any CPU.Build.0 = Debug|Any CPU
		{48EB8AD8-7C9A-48CA-9AF3-F679F0B7A9B5}.Debug|x64.ActiveCfg = Debug|Any CPU
		{48EB8AD8-7C9A-48CA-9AF3-F679F0B7A9B5}.Debug|x64.Build.0 = Debug|Any CPU
		{48EB8AD8-7C9A-48CA-9AF3-F679F0B7A9B5}.Debug|x86.ActiveCfg = Debug|Any CPU
		{48EB8AD8-7C9A-48CA-9AF3-F679F0B7A9B5}.Debug|x86.Build.0 = Debug|Any CPU
		{48EB8AD8-7C9A-48CA-9AF3-F679F0B7A9B5}.Release|Any CPU.ActiveCfg = Release|Any CPU
		{48EB8AD8-7C9A-48CA-9AF3-F679F0B7A9B5}.Release|Any CPU.Build.0 = Release|Any CPU
		{48EB8AD8-7C9A-48CA-9AF3-F679F0B7A9B5}.Release|x64.ActiveCfg = Release|Any CPU
		{48EB8AD8-7C9A-48CA-9AF3-F679F0B7A9B5}.Release|x64.Build.0 = Release|Any CPU
		{48EB8AD8-7C9A-48CA-9AF3-F679F0B7A9B5}.Release|x86.ActiveCfg = Release|Any CPU
		{48EB8AD8-7C9A-48CA-9AF3-F679F0B7A9B5}.Release|x86.Build.0 = Release|Any CPU
		{2E798F1C-DB2C-44A9-B75C-537A4F3E580E}.Debug|Any CPU.ActiveCfg = Debug|Any CPU
		{2E798F1C-DB2C-44A9-B75C-537A4F3E580E}.Debug|Any CPU.Build.0 = Debug|Any CPU
		{2E798F1C-DB2C-44A9-B75C-537A4F3E580E}.Debug|x64.ActiveCfg = Debug|Any CPU
		{2E798F1C-DB2C-44A9-B75C-537A4F3E580E}.Debug|x64.Build.0 = Debug|Any CPU
		{2E798F1C-DB2C-44A9-B75C-537A4F3E580E}.Debug|x86.ActiveCfg = Debug|Any CPU
		{2E798F1C-DB2C-44A9-B75C-537A4F3E580E}.Debug|x86.Build.0 = Debug|Any CPU
		{2E798F1C-DB2C-44A9-B75C-537A4F3E580E}.Release|Any CPU.ActiveCfg = Release|Any CPU
		{2E798F1C-DB2C-44A9-B75C-537A4F3E580E}.Release|Any CPU.Build.0 = Release|Any CPU
		{2E798F1C-DB2C-44A9-B75C-537A4F3E580E}.Release|x64.ActiveCfg = Release|Any CPU
		{2E798F1C-DB2C-44A9-B75C-537A4F3E580E}.Release|x64.Build.0 = Release|Any CPU
		{2E798F1C-DB2C-44A9-B75C-537A4F3E580E}.Release|x86.ActiveCfg = Release|Any CPU
		{2E798F1C-DB2C-44A9-B75C-537A4F3E580E}.Release|x86.Build.0 = Release|Any CPU
	EndGlobalSection
EndGlobal
