
Microsoft Visual Studio Solution File, Format Version 12.00
# Visual Studio 15
VisualStudioVersion = 15.0.26124.0
MinimumVisualStudioVersion = 15.0.26124.0
Project("{FAE04EC0-301F-11D3-BF4B-00C04F79EFBC}") = "TestCommon", "..\TestCommon\TestCommon.csproj", "{A724871B-9C64-4171-AFDA-553BDF29E712}"
EndProject
Project("{FAE04EC0-301F-11D3-BF4B-00C04F79EFBC}") = "A10", "A10\A10.csproj", "{502FEC6A-056D-4DBC-991C-FBDF4CDF4FAD}"
EndProject
Project("{FAE04EC0-301F-11D3-BF4B-00C04F79EFBC}") = "A10.Tests", "A10.Tests\A10.Tests.csproj", "{1D3E048B-E571-4D59-9477-B5C78EFA4412}"
EndProject
Global
	GlobalSection(SolutionConfigurationPlatforms) = preSolution
		Debug|Any CPU = Debug|Any CPU
		Debug|x64 = Debug|x64
		Debug|x86 = Debug|x86
		Release|Any CPU = Release|Any CPU
		Release|x64 = Release|x64
		Release|x86 = Release|x86
	EndGlobalSection
	GlobalSection(SolutionProperties) = preSolution
		HideSolutionNode = FALSE
	EndGlobalSection
	GlobalSection(ProjectConfigurationPlatforms) = postSolution
		{A724871B-9C64-4171-AFDA-553BDF29E712}.Debug|Any CPU.ActiveCfg = Debug|Any CPU
		{A724871B-9C64-4171-AFDA-553BDF29E712}.Debug|Any CPU.Build.0 = Debug|Any CPU
		{A724871B-9C64-4171-AFDA-553BDF29E712}.Debug|x64.ActiveCfg = Debug|Any CPU
		{A724871B-9C64-4171-AFDA-553BDF29E712}.Debug|x64.Build.0 = Debug|Any CPU
		{A724871B-9C64-4171-AFDA-553BDF29E712}.Debug|x86.ActiveCfg = Debug|Any CPU
		{A724871B-9C64-4171-AFDA-553BDF29E712}.Debug|x86.Build.0 = Debug|Any CPU
		{A724871B-9C64-4171-AFDA-553BDF29E712}.Release|Any CPU.ActiveCfg = Release|Any CPU
		{A724871B-9C64-4171-AFDA-553BDF29E712}.Release|Any CPU.Build.0 = Release|Any CPU
		{A724871B-9C64-4171-AFDA-553BDF29E712}.Release|x64.ActiveCfg = Release|Any CPU
		{A724871B-9C64-4171-AFDA-553BDF29E712}.Release|x64.Build.0 = Release|Any CPU
		{A724871B-9C64-4171-AFDA-553BDF29E712}.Release|x86.ActiveCfg = Release|Any CPU
		{A724871B-9C64-4171-AFDA-553BDF29E712}.Release|x86.Build.0 = Release|Any CPU
		{502FEC6A-056D-4DBC-991C-FBDF4CDF4FAD}.Debug|Any CPU.ActiveCfg = Debug|Any CPU
		{502FEC6A-056D-4DBC-991C-FBDF4CDF4FAD}.Debug|Any CPU.Build.0 = Debug|Any CPU
		{502FEC6A-056D-4DBC-991C-FBDF4CDF4FAD}.Debug|x64.ActiveCfg = Debug|Any CPU
		{502FEC6A-056D-4DBC-991C-FBDF4CDF4FAD}.Debug|x64.Build.0 = Debug|Any CPU
		{502FEC6A-056D-4DBC-991C-FBDF4CDF4FAD}.Debug|x86.ActiveCfg = Debug|Any CPU
		{502FEC6A-056D-4DBC-991C-FBDF4CDF4FAD}.Debug|x86.Build.0 = Debug|Any CPU
		{502FEC6A-056D-4DBC-991C-FBDF4CDF4FAD}.Release|Any CPU.ActiveCfg = Release|Any CPU
		{502FEC6A-056D-4DBC-991C-FBDF4CDF4FAD}.Release|Any CPU.Build.0 = Release|Any CPU
		{502FEC6A-056D-4DBC-991C-FBDF4CDF4FAD}.Release|x64.ActiveCfg = Release|Any CPU
		{502FEC6A-056D-4DBC-991C-FBDF4CDF4FAD}.Release|x64.Build.0 = Release|Any CPU
		{502FEC6A-056D-4DBC-991C-FBDF4CDF4FAD}.Release|x86.ActiveCfg = Release|Any CPU
		{502FEC6A-056D-4DBC-991C-FBDF4CDF4FAD}.Release|x86.Build.0 = Release|Any CPU
		{1D3E048B-E571-4D59-9477-B5C78EFA4412}.Debug|Any CPU.ActiveCfg = Debug|Any CPU
		{1D3E048B-E571-4D59-9477-B5C78EFA4412}.Debug|Any CPU.Build.0 = Debug|Any CPU
		{1D3E048B-E571-4D59-9477-B5C78EFA4412}.Debug|x64.ActiveCfg = Debug|Any CPU
		{1D3E048B-E571-4D59-9477-B5C78EFA4412}.Debug|x64.Build.0 = Debug|Any CPU
		{1D3E048B-E571-4D59-9477-B5C78EFA4412}.Debug|x86.ActiveCfg = Debug|Any CPU
		{1D3E048B-E571-4D59-9477-B5C78EFA4412}.Debug|x86.Build.0 = Debug|Any CPU
		{1D3E048B-E571-4D59-9477-B5C78EFA4412}.Release|Any CPU.ActiveCfg = Release|Any CPU
		{1D3E048B-E571-4D59-9477-B5C78EFA4412}.Release|Any CPU.Build.0 = Release|Any CPU
		{1D3E048B-E571-4D59-9477-B5C78EFA4412}.Release|x64.ActiveCfg = Release|Any CPU
		{1D3E048B-E571-4D59-9477-B5C78EFA4412}.Release|x64.Build.0 = Release|Any CPU
		{1D3E048B-E571-4D59-9477-B5C78EFA4412}.Release|x86.ActiveCfg = Release|Any CPU
		{1D3E048B-E571-4D59-9477-B5C78EFA4412}.Release|x86.Build.0 = Release|Any CPU
	EndGlobalSection
EndGlobal
