
Microsoft Visual Studio Solution File, Format Version 12.00
# Visual Studio 15
VisualStudioVersion = 15.0.26124.0
MinimumVisualStudioVersion = 15.0.26124.0
Project("{FAE04EC0-301F-11D3-BF4B-00C04F79EFBC}") = "TestCommon", "..\TestCommon\TestCommon.csproj", "{1F126372-1370-487C-8EB1-7C06EE7B0DC5}"
EndProject
Project("{FAE04EC0-301F-11D3-BF4B-00C04F79EFBC}") = "E2b", "E2b\E2b.csproj", "{ECDDC115-F261-4EB5-A6E0-73AAB3AA43F3}"
EndProject
Project("{FAE04EC0-301F-11D3-BF4B-00C04F79EFBC}") = "E2b.Tests", "E2b.Tests\E2b.Tests.csproj", "{C8D598C5-4372-4AA2-BFC0-9285FD96B6E5}"
EndProject
Global
	GlobalSection(SolutionConfigurationPlatforms) = preSolution
		Debug|Any CPU = Debug|Any CPU
		Debug|x64 = Debug|x64
		Debug|x86 = Debug|x86
		Release|Any CPU = Release|Any CPU
		Release|x64 = Release|x64
		Release|x86 = Release|x86
	EndGlobalSection
	GlobalSection(SolutionProperties) = preSolution
		HideSolutionNode = FALSE
	EndGlobalSection
	GlobalSection(ProjectConfigurationPlatforms) = postSolution
		{1F126372-1370-487C-8EB1-7C06EE7B0DC5}.Debug|Any CPU.ActiveCfg = Debug|Any CPU
		{1F126372-1370-487C-8EB1-7C06EE7B0DC5}.Debug|Any CPU.Build.0 = Debug|Any CPU
		{1F126372-1370-487C-8EB1-7C06EE7B0DC5}.Debug|x64.ActiveCfg = Debug|Any CPU
		{1F126372-1370-487C-8EB1-7C06EE7B0DC5}.Debug|x64.Build.0 = Debug|Any CPU
		{1F126372-1370-487C-8EB1-7C06EE7B0DC5}.Debug|x86.ActiveCfg = Debug|Any CPU
		{1F126372-1370-487C-8EB1-7C06EE7B0DC5}.Debug|x86.Build.0 = Debug|Any CPU
		{1F126372-1370-487C-8EB1-7C06EE7B0DC5}.Release|Any CPU.ActiveCfg = Release|Any CPU
		{1F126372-1370-487C-8EB1-7C06EE7B0DC5}.Release|Any CPU.Build.0 = Release|Any CPU
		{1F126372-1370-487C-8EB1-7C06EE7B0DC5}.Release|x64.ActiveCfg = Release|Any CPU
		{1F126372-1370-487C-8EB1-7C06EE7B0DC5}.Release|x64.Build.0 = Release|Any CPU
		{1F126372-1370-487C-8EB1-7C06EE7B0DC5}.Release|x86.ActiveCfg = Release|Any CPU
		{1F126372-1370-487C-8EB1-7C06EE7B0DC5}.Release|x86.Build.0 = Release|Any CPU
		{ECDDC115-F261-4EB5-A6E0-73AAB3AA43F3}.Debug|Any CPU.ActiveCfg = Debug|Any CPU
		{ECDDC115-F261-4EB5-A6E0-73AAB3AA43F3}.Debug|Any CPU.Build.0 = Debug|Any CPU
		{ECDDC115-F261-4EB5-A6E0-73AAB3AA43F3}.Debug|x64.ActiveCfg = Debug|Any CPU
		{ECDDC115-F261-4EB5-A6E0-73AAB3AA43F3}.Debug|x64.Build.0 = Debug|Any CPU
		{ECDDC115-F261-4EB5-A6E0-73AAB3AA43F3}.Debug|x86.ActiveCfg = Debug|Any CPU
		{ECDDC115-F261-4EB5-A6E0-73AAB3AA43F3}.Debug|x86.Build.0 = Debug|Any CPU
		{ECDDC115-F261-4EB5-A6E0-73AAB3AA43F3}.Release|Any CPU.ActiveCfg = Release|Any CPU
		{ECDDC115-F261-4EB5-A6E0-73AAB3AA43F3}.Release|Any CPU.Build.0 = Release|Any CPU
		{ECDDC115-F261-4EB5-A6E0-73AAB3AA43F3}.Release|x64.ActiveCfg = Release|Any CPU
		{ECDDC115-F261-4EB5-A6E0-73AAB3AA43F3}.Release|x64.Build.0 = Release|Any CPU
		{ECDDC115-F261-4EB5-A6E0-73AAB3AA43F3}.Release|x86.ActiveCfg = Release|Any CPU
		{ECDDC115-F261-4EB5-A6E0-73AAB3AA43F3}.Release|x86.Build.0 = Release|Any CPU
		{C8D598C5-4372-4AA2-BFC0-9285FD96B6E5}.Debug|Any CPU.ActiveCfg = Debug|Any CPU
		{C8D598C5-4372-4AA2-BFC0-9285FD96B6E5}.Debug|Any CPU.Build.0 = Debug|Any CPU
		{C8D598C5-4372-4AA2-BFC0-9285FD96B6E5}.Debug|x64.ActiveCfg = Debug|Any CPU
		{C8D598C5-4372-4AA2-BFC0-9285FD96B6E5}.Debug|x64.Build.0 = Debug|Any CPU
		{C8D598C5-4372-4AA2-BFC0-9285FD96B6E5}.Debug|x86.ActiveCfg = Debug|Any CPU
		{C8D598C5-4372-4AA2-BFC0-9285FD96B6E5}.Debug|x86.Build.0 = Debug|Any CPU
		{C8D598C5-4372-4AA2-BFC0-9285FD96B6E5}.Release|Any CPU.ActiveCfg = Release|Any CPU
		{C8D598C5-4372-4AA2-BFC0-9285FD96B6E5}.Release|Any CPU.Build.0 = Release|Any CPU
		{C8D598C5-4372-4AA2-BFC0-9285FD96B6E5}.Release|x64.ActiveCfg = Release|Any CPU
		{C8D598C5-4372-4AA2-BFC0-9285FD96B6E5}.Release|x64.Build.0 = Release|Any CPU
		{C8D598C5-4372-4AA2-BFC0-9285FD96B6E5}.Release|x86.ActiveCfg = Release|Any CPU
		{C8D598C5-4372-4AA2-BFC0-9285FD96B6E5}.Release|x86.Build.0 = Release|Any CPU
	EndGlobalSection
EndGlobal
